# This file is automatically @generated by Poetry 2.1.1 and should not be changed by hand.

[[package]]
name = "uv-git-deps-bug-a"
version = "0.1.0"
description = "Add your description here"
optional = false
python-versions = ">=3.12"
groups = ["main"]
files = []
develop = false

[package.source]
type = "git"
url = "https://github.com/ships/uv_git_deps_bug_a"
reference = "HEAD"
resolved_reference = "7a2e45facba1b4680fa62d847ac5bea761e24269"

[metadata]
lock-version = "2.1"
python-versions = ">=3.12"
content-hash = "6de4b363f86097800cf45557e4ffdbf5d5de152b6761d4e6b20435d5a8101d09"
